PODS:
  - BigInt (5.0.0)
  - CryptoSwift (1.3.1)
  - Firebase/Analytics (6.32.2):
    - Firebase/Core
  - Firebase/Core (6.32.2):
    - Firebase/CoreOnly
    - FirebaseAnalytics (= 6.8.2)
  - Firebase/CoreOnly (6.32.2):
    - FirebaseCore (= 6.10.2)
  - Firebase/Crashlytics (6.32.2):
    - Firebase/CoreOnly
    - FirebaseCrashlytics (~> 4.6.0)
  - FirebaseAnalytics (6.8.2):
    - FirebaseCore (~> 6.10)
    - FirebaseInstallations (~> 1.6)
    - GoogleAppMeasurement (= 6.8.2)
    - GoogleUtilities/AppDelegateSwizzler (~> 6.7)
    - GoogleUtilities/MethodSwizzler (~> 6.7)
    - GoogleUtilities/Network (~> 6.7)
    - "GoogleUtilities/NSData+zlib (~> 6.7)"
    - nanopb (~> 1.30906.0)
  - FirebaseCore (6.10.2):
    - FirebaseCoreDiagnostics (~> 1.6)
    - GoogleUtilities/Environment (~> 6.7)
    - GoogleUtilities/Logger (~> 6.7)
  - FirebaseCoreDiagnostics (1.6.0):
    - GoogleDataTransport (~> 7.2)
    - GoogleUtilities/Environment (~> 6.7)
    - GoogleUtilities/Logger (~> 6.7)
    - nanopb (~> 1.30906.0)
  - FirebaseCrashlytics (4.6.0):
    - FirebaseCore (~> 6.10)
    - FirebaseInstallations (~> 1.6)
    - GoogleDataTransport (~> 7.2)
    - nanopb (~> 1.30906.0)
    - PromisesObjC (~> 1.2)
  - FirebaseInstallations (1.7.0):
    - FirebaseCore (~> 6.10)
    - GoogleUtilities/Environment (~> 6.7)
    - GoogleUtilities/UserDefaults (~> 6.7)
    - PromisesObjC (~> 1.2)
  - GenericJSON (2.0.1)
  - GoogleAppMeasurement (6.8.2):
    - GoogleUtilities/AppDelegateSwizzler (~> 6.7)
    - GoogleUtilities/MethodSwizzler (~> 6.7)
    - GoogleUtilities/Network (~> 6.7)
    - "GoogleUtilities/NSData+zlib (~> 6.7)"
    - nanopb (~> 1.30906.0)
  - GoogleDataTransport (7.3.0):
    - nanopb (~> 1.30906.0)
  - GoogleUtilities/AppDelegateSwizzler (6.7.2):
    - GoogleUtilities/Environment
    - GoogleUtilities/Logger
    - GoogleUtilities/Network
  - GoogleUtilities/Environment (6.7.2):
    - PromisesObjC (~> 1.2)
  - GoogleUtilities/Logger (6.7.2):
    - GoogleUtilities/Environment
  - GoogleUtilities/MethodSwizzler (6.7.2):
    - GoogleUtilities/Logger
  - GoogleUtilities/Network (6.7.2):
    - GoogleUtilities/Logger
    - "GoogleUtilities/NSData+zlib"
    - GoogleUtilities/Reachability
  - "GoogleUtilities/NSData+zlib (6.7.2)"
  - GoogleUtilities/Reachability (6.7.2):
    - GoogleUtilities/Logger
  - GoogleUtilities/UserDefaults (6.7.2):
    - GoogleUtilities/Logger
  - JGProgressHUD (2.1)
  - KeychainAccess (4.1.0)
  - MaterialComponents/AnimationTiming (116.0.0)
  - MaterialComponents/Availability (116.0.0)
  - MaterialComponents/Buttons (116.0.0):
    - MaterialComponents/Elevation
    - MaterialComponents/Ink
    - MaterialComponents/private/Math
    - MaterialComponents/Ripple
    - MaterialComponents/ShadowElevations
    - MaterialComponents/ShadowLayer
    - MaterialComponents/ShapeLibrary
    - MaterialComponents/Shapes
    - MaterialComponents/Typography
    - MDFInternationalization
    - MDFTextAccessibility
  - MaterialComponents/Elevation (116.0.0):
    - MaterialComponents/Availability
    - MaterialComponents/private/Color
    - MaterialComponents/private/Math
  - MaterialComponents/Ink (116.0.0):
    - MaterialComponents/Availability
    - MaterialComponents/private/Color
    - MaterialComponents/private/Math
  - MaterialComponents/OverlayWindow (116.0.0):
    - MaterialComponents/Availability
    - MaterialComponents/private/Application
  - MaterialComponents/Palettes (116.0.0)
  - MaterialComponents/private/Application (116.0.0)
  - MaterialComponents/private/Color (116.0.0):
    - MaterialComponents/Availability
  - MaterialComponents/private/KeyboardWatcher (116.0.0):
    - MaterialComponents/private/Application
  - MaterialComponents/private/Math (116.0.0)
  - MaterialComponents/private/Overlay (116.0.0)
  - MaterialComponents/Ripple (116.0.0):
    - MaterialComponents/AnimationTiming
    - MaterialComponents/Availability
    - MaterialComponents/private/Color
    - MaterialComponents/private/Math
  - MaterialComponents/ShadowElevations (116.0.0)
  - MaterialComponents/ShadowLayer (116.0.0):
    - MaterialComponents/ShadowElevations
  - MaterialComponents/ShapeLibrary (116.0.0):
    - MaterialComponents/private/Math
    - MaterialComponents/Shapes
  - MaterialComponents/Shapes (116.0.0):
    - MaterialComponents/private/Color
    - MaterialComponents/private/Math
    - MaterialComponents/ShadowLayer
  - MaterialComponents/Snackbar (116.0.0):
    - MaterialComponents/AnimationTiming
    - MaterialComponents/Availability
    - MaterialComponents/Buttons
    - MaterialComponents/Elevation
    - MaterialComponents/OverlayWindow
    - MaterialComponents/private/Application
    - MaterialComponents/private/KeyboardWatcher
    - MaterialComponents/private/Math
    - MaterialComponents/private/Overlay
    - MaterialComponents/ShadowElevations
    - MaterialComponents/ShadowLayer
    - MaterialComponents/Typography
  - MaterialComponents/TextFields (116.0.0):
    - MaterialComponents/AnimationTiming
    - MaterialComponents/Buttons
    - MaterialComponents/Elevation
    - MaterialComponents/Palettes
    - MaterialComponents/private/Math
    - MaterialComponents/Typography
    - MDFInternationalization
  - MaterialComponents/Typography (116.0.0):
    - MaterialComponents/private/Application
    - MaterialComponents/private/Math
    - MDFTextAccessibility
  - MDFInternationalization (2.0.0)
  - MDFTextAccessibility (2.0.0)
  - nanopb (1.30906.0):
    - nanopb/decode (= 1.30906.0)
    - nanopb/encode (= 1.30906.0)
  - nanopb/decode (1.30906.0)
  - nanopb/encode (1.30906.0)
  - Pageboy (3.6.1)
  - PromiseKit (6.13.1):
    - PromiseKit/CorePromise (= 6.13.1)
    - PromiseKit/Foundation (= 6.13.1)
    - PromiseKit/UIKit (= 6.13.1)
  - PromiseKit/CorePromise (6.13.1)
  - PromiseKit/Foundation (6.13.1):
    - PromiseKit/CorePromise
  - PromiseKit/UIKit (6.13.1):
    - PromiseKit/CorePromise
  - PromisesObjC (1.2.10)
  - secp256k1.swift (0.1.4)
  - Starscream (3.1.1)
  - Tabman (2.9.1):
    - Pageboy (~> 3.6.0)
  - TrezorCrypto (0.0.9)
  - WalletConnect (0.1.0):
    - CryptoSwift
    - PromiseKit
    - Starscream
  - web3.swift (0.5.0):
    - BigInt (~> 5.0.0)
    - GenericJSON (~> 2.0)
    - secp256k1.swift (~> 0.1)

DEPENDENCIES:
  - Firebase/Analytics
  - Firebase/Crashlytics
  - JGProgressHUD
  - KeychainAccess (~> 4.1.0)
  - MaterialComponents/Snackbar
  - MaterialComponents/TextFields
  - Starscream (~> 3.1.1)
  - Tabman (~> 2.6)
  - TrezorCrypto (~> 0.0.9)
  - WalletConnect (from `https://github.com/trustwallet/wallet-connect-swift`, branch `master`)
  - web3.swift (~> 0.5.0)

SPEC REPOS:
  trunk:
    - BigInt
    - CryptoSwift
    - Firebase
    - FirebaseAnalytics
    - FirebaseCore
    - FirebaseCoreDiagnostics
    - FirebaseCrashlytics
    - FirebaseInstallations
    - GenericJSON
    - GoogleAppMeasurement
    - GoogleDataTransport
    - GoogleUtilities
    - JGProgressHUD
    - KeychainAccess
    - MaterialComponents
    - MDFInternationalization
    - MDFTextAccessibility
    - nanopb
    - Pageboy
    - PromiseKit
    - PromisesObjC
    - secp256k1.swift
    - Starscream
    - Tabman
    - TrezorCrypto
    - web3.swift

EXTERNAL SOURCES:
  WalletConnect:
    :branch: master
    :git: https://github.com/trustwallet/wallet-connect-swift

CHECKOUT OPTIONS:
  WalletConnect:
    :commit: e6b97b434f49153637e32db1eecd4ffa13e0467b
    :git: https://github.com/trustwallet/wallet-connect-swift

SPEC CHECKSUMS:
  BigInt: 74b4d88367b0e819d9f77393549226d36faeb0d8
  CryptoSwift: f12f037f6d0fcd6d48c96db0071b653de64e6c4d
  Firebase: 47176280bfba198e531f909cfb1612dad216cb96
  FirebaseAnalytics: 3c2fee6a922023ccfda7af87e4e641bad1fc11ba
  FirebaseCore: 1d697bb944bf2af5fc248f1a66e165c9dd88bf97
  FirebaseCoreDiagnostics: 7415bfb3883b3500c5a95c42b6ba66baae78f600
  FirebaseCrashlytics: eea40d2a33f01b927b9f6f00ef305baa22a6a58e
  FirebaseInstallations: 466c7b4d1f58fe16707693091da253726a731ed2
  GenericJSON: a6e74e2c457f8693caab08e0eafde7d97e6666de
  GoogleAppMeasurement: 1a66f478c68ecd6c16ee63ee60c7c3a648e6b337
  GoogleDataTransport: e85fb700c9b027079ce182c3d08e12e0f9618bb4
  GoogleUtilities: 7f2f5a07f888cdb145101d6042bc4422f57e70b3
  JGProgressHUD: aa403e9a5b45cae98903c4600cccdd98c0c3ec90
  KeychainAccess: 445e28864fe6d3458b41fa211bcdc39890e8bd5a
  MaterialComponents: a6cf920307c2864f71e37972620f24c4d14fae8d
  MDFInternationalization: 010097556d6b09d2c4ea38e0820ea6d37be6a314
  MDFTextAccessibility: 85c09a1bd9c321f494348e632a25063bcda35a53
  nanopb: 59317e09cf1f1a0af72f12af412d54edf52603fc
  Pageboy: 29a2d474ad99404b4d77f325e0ab6d705930a4fb
  PromiseKit: 28fda91c973cc377875d8c0ea4f973013c05b6db
  PromisesObjC: b14b1c6b68e306650688599de8a45e49fae81151
  secp256k1.swift: a7e7a214f6db6ce5db32cc6b2b45e5c4dd633634
  Starscream: 4bb2f9942274833f7b4d296a55504dcfc7edb7b0
  Tabman: 085d89c65be9e883629bdaf5b1453a6397e57846
  TrezorCrypto: bfeea47a052dca2c77d4a39e1e183865e52de14d
  WalletConnect: c5be4e3ed9efbefb8480ab27e1766d4549a92709
  web3.swift: 8d26e319070e19f0e3ca692caafb0b28ff60e867

PODFILE CHECKSUM: 1cdf1899e48bc2e6b01bc3424b5f94ba7bbc255a

COCOAPODS: 1.9.3
